
Microsoft Visual Studio Solution File, Format Version 12.00
# Visual Studio Version 17
VisualStudioVersion = 17.8.34330.188
MinimumVisualStudioVersion = 10.0.40219.1
Project("{FAE04EC0-301F-11D3-BF4B-00C04F79EFBC}") = "CrudNovedad", "CrudNovedad\CrudNovedad.csproj", "{77F5F5B9-5C36-4ECA-BC8B-67E6B4307A3D}"
EndProject
Global
	GlobalSection(SolutionConfigurationPlatforms) = preSolution
		Debug|Any CPU = Debug|Any CPU
		Release|Any CPU = Release|Any CPU
	EndGlobalSection
	GlobalSection(ProjectConfigurationPlatforms) = postSolution
		{77F5F5B9-5C36-4ECA-BC8B-67E6B4307A3D}.Debug|Any CPU.ActiveCfg = Debug|Any CPU
		{77F5F5B9-5C36-4ECA-BC8B-67E6B4307A3D}.Debug|Any CPU.Build.0 = Debug|Any CPU
		{77F5F5B9-5C36-4ECA-BC8B-67E6B4307A3D}.Release|Any CPU.ActiveCfg = Release|Any CPU
		{77F5F5B9-5C36-4ECA-BC8B-67E6B4307A3D}.Release|Any CPU.Build.0 = Release|Any CPU
	EndGlobalSection
	GlobalSection(SolutionProperties) = preSolution
		HideSolutionNode = FALSE
	EndGlobalSection
	GlobalSection(ExtensibilityGlobals) = postSolution
		SolutionGuid = {712D2F52-62B9-4241-B178-84676F069357}
	EndGlobalSection
EndGlobal
